
Microsoft Visual Studio Solution File, Format Version 12.00
# Visual Studio 15
VisualStudioVersion = 15.0.27130.2026
MinimumVisualStudioVersion = 10.0.40219.1
Project("{FAE04EC0-301F-11D3-BF4B-00C04F79EFBC}") = "Codeco.Windows10", "Codeco\Codeco.Windows10\Codeco.Windows10.csproj", "{FAA907EC-0F4B-4426-9CF0-6BD5D0C8B701}"
EndProject
Project("{9A19103F-16F7-4668-BE54-9A1E7A4F7556}") = "Codeco.Encryption", "Codeco.Encryption\Codeco.Encryption.csproj", "{B344C5AB-FA18-45D9-B630-B0F4A7FA8DC1}"
EndProject
Project("{FAE04EC0-301F-11D3-BF4B-00C04F79EFBC}") = "Codeco.CrossPlatform.Android", "Codeco.CrossPlatform\Codeco.CrossPlatform.Android\Codeco.CrossPlatform.Android.csproj", "{161CE70C-0BAC-4E04-B853-F3684EC41CF6}"
EndProject
Project("{FAE04EC0-301F-11D3-BF4B-00C04F79EFBC}") = "Codeco.CrossPlatform.UWP", "Codeco.CrossPlatform\Codeco.CrossPlatform.UWP\Codeco.CrossPlatform.UWP.csproj", "{73B75EE0-5EB6-4219-A2AE-8FF9A3E01351}"
EndProject
Project("{FAE04EC0-301F-11D3-BF4B-00C04F79EFBC}") = "Codeco.CrossPlatform", "Codeco.CrossPlatform\Codeco.CrossPlatform\Codeco.CrossPlatform.csproj", "{399367D2-1733-4D4A-8274-36C4F3EF3901}"
EndProject
Global
	GlobalSection(SolutionConfigurationPlatforms) = preSolution
		Debug|Any CPU = Debug|Any CPU
		Debug|ARM = Debug|ARM
		Debug|x64 = Debug|x64
		Debug|x86 = Debug|x86
		Release|Any CPU = Release|Any CPU
		Release|ARM = Release|ARM
		Release|x64 = Release|x64
		Release|x86 = Release|x86
	EndGlobalSection
	GlobalSection(ProjectConfigurationPlatforms) = postSolution
		{FAA907EC-0F4B-4426-9CF0-6BD5D0C8B701}.Debug|Any CPU.ActiveCfg = Debug|x64
		{FAA907EC-0F4B-4426-9CF0-6BD5D0C8B701}.Debug|Any CPU.Build.0 = Debug|x64
		{FAA907EC-0F4B-4426-9CF0-6BD5D0C8B701}.Debug|Any CPU.Deploy.0 = Debug|x64
		{FAA907EC-0F4B-4426-9CF0-6BD5D0C8B701}.Debug|ARM.ActiveCfg = Debug|ARM
		{FAA907EC-0F4B-4426-9CF0-6BD5D0C8B701}.Debug|ARM.Build.0 = Debug|ARM
		{FAA907EC-0F4B-4426-9CF0-6BD5D0C8B701}.Debug|ARM.Deploy.0 = Debug|ARM
		{FAA907EC-0F4B-4426-9CF0-6BD5D0C8B701}.Debug|x64.ActiveCfg = Debug|x64
		{FAA907EC-0F4B-4426-9CF0-6BD5D0C8B701}.Debug|x64.Build.0 = Debug|x64
		{FAA907EC-0F4B-4426-9CF0-6BD5D0C8B701}.Debug|x64.Deploy.0 = Debug|x64
		{FAA907EC-0F4B-4426-9CF0-6BD5D0C8B701}.Debug|x86.ActiveCfg = Debug|x86
		{FAA907EC-0F4B-4426-9CF0-6BD5D0C8B701}.Debug|x86.Build.0 = Debug|x86
		{FAA907EC-0F4B-4426-9CF0-6BD5D0C8B701}.Debug|x86.Deploy.0 = Debug|x86
		{FAA907EC-0F4B-4426-9CF0-6BD5D0C8B701}.Release|Any CPU.ActiveCfg = Release|x86
		{FAA907EC-0F4B-4426-9CF0-6BD5D0C8B701}.Release|Any CPU.Build.0 = Release|x86
		{FAA907EC-0F4B-4426-9CF0-6BD5D0C8B701}.Release|Any CPU.Deploy.0 = Release|x86
		{FAA907EC-0F4B-4426-9CF0-6BD5D0C8B701}.Release|ARM.ActiveCfg = Release|ARM
		{FAA907EC-0F4B-4426-9CF0-6BD5D0C8B701}.Release|ARM.Build.0 = Release|ARM
		{FAA907EC-0F4B-4426-9CF0-6BD5D0C8B701}.Release|ARM.Deploy.0 = Release|ARM
		{FAA907EC-0F4B-4426-9CF0-6BD5D0C8B701}.Release|x64.ActiveCfg = Release|x64
		{FAA907EC-0F4B-4426-9CF0-6BD5D0C8B701}.Release|x64.Build.0 = Release|x64
		{FAA907EC-0F4B-4426-9CF0-6BD5D0C8B701}.Release|x64.Deploy.0 = Release|x64
		{FAA907EC-0F4B-4426-9CF0-6BD5D0C8B701}.Release|x86.ActiveCfg = Release|x86
		{FAA907EC-0F4B-4426-9CF0-6BD5D0C8B701}.Release|x86.Build.0 = Release|x86
		{FAA907EC-0F4B-4426-9CF0-6BD5D0C8B701}.Release|x86.Deploy.0 = Release|x86
		{B344C5AB-FA18-45D9-B630-B0F4A7FA8DC1}.Debug|Any CPU.ActiveCfg = Debug|Any CPU
		{B344C5AB-FA18-45D9-B630-B0F4A7FA8DC1}.Debug|Any CPU.Build.0 = Debug|Any CPU
		{B344C5AB-FA18-45D9-B630-B0F4A7FA8DC1}.Debug|ARM.ActiveCfg = Debug|Any CPU
		{B344C5AB-FA18-45D9-B630-B0F4A7FA8DC1}.Debug|ARM.Build.0 = Debug|Any CPU
		{B344C5AB-FA18-45D9-B630-B0F4A7FA8DC1}.Debug|x64.ActiveCfg = Debug|Any CPU
		{B344C5AB-FA18-45D9-B630-B0F4A7FA8DC1}.Debug|x64.Build.0 = Debug|Any CPU
		{B344C5AB-FA18-45D9-B630-B0F4A7FA8DC1}.Debug|x86.ActiveCfg = Debug|Any CPU
		{B344C5AB-FA18-45D9-B630-B0F4A7FA8DC1}.Debug|x86.Build.0 = Debug|Any CPU
		{B344C5AB-FA18-45D9-B630-B0F4A7FA8DC1}.Release|Any CPU.ActiveCfg = Release|Any CPU
		{B344C5AB-FA18-45D9-B630-B0F4A7FA8DC1}.Release|Any CPU.Build.0 = Release|Any CPU
		{B344C5AB-FA18-45D9-B630-B0F4A7FA8DC1}.Release|ARM.ActiveCfg = Release|Any CPU
		{B344C5AB-FA18-45D9-B630-B0F4A7FA8DC1}.Release|ARM.Build.0 = Release|Any CPU
		{B344C5AB-FA18-45D9-B630-B0F4A7FA8DC1}.Release|x64.ActiveCfg = Release|Any CPU
		{B344C5AB-FA18-45D9-B630-B0F4A7FA8DC1}.Release|x64.Build.0 = Release|Any CPU
		{B344C5AB-FA18-45D9-B630-B0F4A7FA8DC1}.Release|x86.ActiveCfg = Release|Any CPU
		{B344C5AB-FA18-45D9-B630-B0F4A7FA8DC1}.Release|x86.Build.0 = Release|Any CPU
		{161CE70C-0BAC-4E04-B853-F3684EC41CF6}.Debug|Any CPU.ActiveCfg = Debug|Any CPU
		{161CE70C-0BAC-4E04-B853-F3684EC41CF6}.Debug|Any CPU.Build.0 = Debug|Any CPU
		{161CE70C-0BAC-4E04-B853-F3684EC41CF6}.Debug|Any CPU.Deploy.0 = Debug|Any CPU
		{161CE70C-0BAC-4E04-B853-F3684EC41CF6}.Debug|ARM.ActiveCfg = Debug|Any CPU
		{161CE70C-0BAC-4E04-B853-F3684EC41CF6}.Debug|ARM.Build.0 = Debug|Any CPU
		{161CE70C-0BAC-4E04-B853-F3684EC41CF6}.Debug|ARM.Deploy.0 = Debug|Any CPU
		{161CE70C-0BAC-4E04-B853-F3684EC41CF6}.Debug|x64.ActiveCfg = Debug|Any CPU
		{161CE70C-0BAC-4E04-B853-F3684EC41CF6}.Debug|x64.Build.0 = Debug|Any CPU
		{161CE70C-0BAC-4E04-B853-F3684EC41CF6}.Debug|x64.Deploy.0 = Debug|Any CPU
		{161CE70C-0BAC-4E04-B853-F3684EC41CF6}.Debug|x86.ActiveCfg = Debug|Any CPU
		{161CE70C-0BAC-4E04-B853-F3684EC41CF6}.Debug|x86.Build.0 = Debug|Any CPU
		{161CE70C-0BAC-4E04-B853-F3684EC41CF6}.Debug|x86.Deploy.0 = Debug|Any CPU
		{161CE70C-0BAC-4E04-B853-F3684EC41CF6}.Release|Any CPU.ActiveCfg = Release|Any CPU
		{161CE70C-0BAC-4E04-B853-F3684EC41CF6}.Release|Any CPU.Build.0 = Release|Any CPU
		{161CE70C-0BAC-4E04-B853-F3684EC41CF6}.Release|Any CPU.Deploy.0 = Release|Any CPU
		{161CE70C-0BAC-4E04-B853-F3684EC41CF6}.Release|ARM.ActiveCfg = Release|Any CPU
		{161CE70C-0BAC-4E04-B853-F3684EC41CF6}.Release|ARM.Build.0 = Release|Any CPU
		{161CE70C-0BAC-4E04-B853-F3684EC41CF6}.Release|ARM.Deploy.0 = Release|Any CPU
		{161CE70C-0BAC-4E04-B853-F3684EC41CF6}.Release|x64.ActiveCfg = Release|Any CPU
		{161CE70C-0BAC-4E04-B853-F3684EC41CF6}.Release|x64.Build.0 = Release|Any CPU
		{161CE70C-0BAC-4E04-B853-F3684EC41CF6}.Release|x64.Deploy.0 = Release|Any CPU
		{161CE70C-0BAC-4E04-B853-F3684EC41CF6}.Release|x86.ActiveCfg = Release|Any CPU
		{161CE70C-0BAC-4E04-B853-F3684EC41CF6}.Release|x86.Build.0 = Release|Any CPU
		{161CE70C-0BAC-4E04-B853-F3684EC41CF6}.Release|x86.Deploy.0 = Release|Any CPU
		{73B75EE0-5EB6-4219-A2AE-8FF9A3E01351}.Debug|Any CPU.ActiveCfg = Debug|x86
		{73B75EE0-5EB6-4219-A2AE-8FF9A3E01351}.Debug|ARM.ActiveCfg = Debug|ARM
		{73B75EE0-5EB6-4219-A2AE-8FF9A3E01351}.Debug|ARM.Build.0 = Debug|ARM
		{73B75EE0-5EB6-4219-A2AE-8FF9A3E01351}.Debug|ARM.Deploy.0 = Debug|ARM
		{73B75EE0-5EB6-4219-A2AE-8FF9A3E01351}.Debug|x64.ActiveCfg = Debug|x64
		{73B75EE0-5EB6-4219-A2AE-8FF9A3E01351}.Debug|x64.Build.0 = Debug|x64
		{73B75EE0-5EB6-4219-A2AE-8FF9A3E01351}.Debug|x64.Deploy.0 = Debug|x64
		{73B75EE0-5EB6-4219-A2AE-8FF9A3E01351}.Debug|x86.ActiveCfg = Debug|x86
		{73B75EE0-5EB6-4219-A2AE-8FF9A3E01351}.Debug|x86.Build.0 = Debug|x86
		{73B75EE0-5EB6-4219-A2AE-8FF9A3E01351}.Debug|x86.Deploy.0 = Debug|x86
		{73B75EE0-5EB6-4219-A2AE-8FF9A3E01351}.Release|Any CPU.ActiveCfg = Release|x86
		{73B75EE0-5EB6-4219-A2AE-8FF9A3E01351}.Release|ARM.ActiveCfg = Release|ARM
		{73B75EE0-5EB6-4219-A2AE-8FF9A3E01351}.Release|ARM.Build.0 = Release|ARM
		{73B75EE0-5EB6-4219-A2AE-8FF9A3E01351}.Release|ARM.Deploy.0 = Release|ARM
		{73B75EE0-5EB6-4219-A2AE-8FF9A3E01351}.Release|x64.ActiveCfg = Release|x64
		{73B75EE0-5EB6-4219-A2AE-8FF9A3E01351}.Release|x64.Build.0 = Release|x64
		{73B75EE0-5EB6-4219-A2AE-8FF9A3E01351}.Release|x64.Deploy.0 = Release|x64
		{73B75EE0-5EB6-4219-A2AE-8FF9A3E01351}.Release|x86.ActiveCfg = Release|x86
		{73B75EE0-5EB6-4219-A2AE-8FF9A3E01351}.Release|x86.Build.0 = Release|x86
		{73B75EE0-5EB6-4219-A2AE-8FF9A3E01351}.Release|x86.Deploy.0 = Release|x86
		{399367D2-1733-4D4A-8274-36C4F3EF3901}.Debug|Any CPU.ActiveCfg = Debug|Any CPU
		{399367D2-1733-4D4A-8274-36C4F3EF3901}.Debug|Any CPU.Build.0 = Debug|Any CPU
		{399367D2-1733-4D4A-8274-36C4F3EF3901}.Debug|ARM.ActiveCfg = Debug|Any CPU
		{399367D2-1733-4D4A-8274-36C4F3EF3901}.Debug|ARM.Build.0 = Debug|Any CPU
		{399367D2-1733-4D4A-8274-36C4F3EF3901}.Debug|x64.ActiveCfg = Debug|Any CPU
		{399367D2-1733-4D4A-8274-36C4F3EF3901}.Debug|x64.Build.0 = Debug|Any CPU
		{399367D2-1733-4D4A-8274-36C4F3EF3901}.Debug|x86.ActiveCfg = Debug|Any CPU
		{399367D2-1733-4D4A-8274-36C4F3EF3901}.Debug|x86.Build.0 = Debug|Any CPU
		{399367D2-1733-4D4A-8274-36C4F3EF3901}.Release|Any CPU.ActiveCfg = Release|Any CPU
		{399367D2-1733-4D4A-8274-36C4F3EF3901}.Release|Any CPU.Build.0 = Release|Any CPU
		{399367D2-1733-4D4A-8274-36C4F3EF3901}.Release|ARM.ActiveCfg = Release|Any CPU
		{399367D2-1733-4D4A-8274-36C4F3EF3901}.Release|ARM.Build.0 = Release|Any CPU
		{399367D2-1733-4D4A-8274-36C4F3EF3901}.Release|x64.ActiveCfg = Release|Any CPU
		{399367D2-1733-4D4A-8274-36C4F3EF3901}.Release|x64.Build.0 = Release|Any CPU
		{399367D2-1733-4D4A-8274-36C4F3EF3901}.Release|x86.ActiveCfg = Release|Any CPU
		{399367D2-1733-4D4A-8274-36C4F3EF3901}.Release|x86.Build.0 = Release|Any CPU
	EndGlobalSection
	GlobalSection(SolutionProperties) = preSolution
		HideSolutionNode = FALSE
	EndGlobalSection
	GlobalSection(ExtensibilityGlobals) = postSolution
		SolutionGuid = {FEDA8CE8-F12A-466E-BDC4-2E607F98A0EF}
	EndGlobalSection
EndGlobal
